
Microsoft Visual Studio Solution File, Format Version 12.00
# Visual Studio 15
VisualStudioVersion = 15.0.27130.2036
MinimumVisualStudioVersion = 10.0.40219.1
Project("{FAE04EC0-301F-11D3-BF4B-00C04F79EFBC}") = "SpringCard.LibCs.Crypto", "SpringCard.Crypto\SpringCard.LibCs.Crypto.csproj", "{A1882142-226D-4D4E-8F9F-501836447CD0}"
EndProject
Global
	GlobalSection(SolutionConfigurationPlatforms) = preSolution
		Debug|Any CPU = Debug|Any CPU
		Release|Any CPU = Release|Any CPU
	EndGlobalSection
	GlobalSection(ProjectConfigurationPlatforms) = postSolution
		{A1882142-226D-4D4E-8F9F-501836447CD0}.Debug|Any CPU.ActiveCfg = Debug|Any CPU
		{A1882142-226D-4D4E-8F9F-501836447CD0}.Debug|Any CPU.Build.0 = Debug|Any CPU
		{A1882142-226D-4D4E-8F9F-501836447CD0}.Release|Any CPU.ActiveCfg = Release|Any CPU
		{A1882142-226D-4D4E-8F9F-501836447CD0}.Release|Any CPU.Build.0 = Release|Any CPU
	EndGlobalSection
	GlobalSection(SolutionProperties) = preSolution
		HideSolutionNode = FALSE
	EndGlobalSection
	GlobalSection(ExtensibilityGlobals) = postSolution
		SolutionGuid = {2F211CBE-D66E-4A4B-A5B0-72AECCAA7121}
	EndGlobalSection
EndGlobal
