
Microsoft Visual Studio Solution File, Format Version 12.00
# Visual Studio 15
VisualStudioVersion = 15.0.27130.2036
MinimumVisualStudioVersion = 10.0.40219.1
Project("{FAE04EC0-301F-11D3-BF4B-00C04F79EFBC}") = "SpringCard.Bluetooth", "SpringCard.Bluetooth\SpringCard.Bluetooth.csproj", "{CBD1B3C4-45B9-4A9C-A997-214745E9CBB7}"
EndProject
Global
	GlobalSection(SolutionConfigurationPlatforms) = preSolution
		Debug|Any CPU = Debug|Any CPU
		Release|Any CPU = Release|Any CPU
	EndGlobalSection
	GlobalSection(ProjectConfigurationPlatforms) = postSolution
		{CBD1B3C4-45B9-4A9C-A997-214745E9CBB7}.Debug|Any CPU.ActiveCfg = Debug|Any CPU
		{CBD1B3C4-45B9-4A9C-A997-214745E9CBB7}.Debug|Any CPU.Build.0 = Debug|Any CPU
		{CBD1B3C4-45B9-4A9C-A997-214745E9CBB7}.Release|Any CPU.ActiveCfg = Release|Any CPU
		{CBD1B3C4-45B9-4A9C-A997-214745E9CBB7}.Release|Any CPU.Build.0 = Release|Any CPU
	EndGlobalSection
	GlobalSection(SolutionProperties) = preSolution
		HideSolutionNode = FALSE
	EndGlobalSection
	GlobalSection(ExtensibilityGlobals) = postSolution
		SolutionGuid = {1ADD9AE0-FA98-4612-94AC-66ED837BC58F}
	EndGlobalSection
EndGlobal
