
Microsoft Visual Studio Solution File, Format Version 11.00
# Visual Studio 2010
# SharpDevelop 5.1
Project("{FAE04EC0-301F-11D3-BF4B-00C04F79EFBC}") = "SpringCard.LibCs.Net.Telnet", "SpringCard.LibCs.Net.Telnet.csproj", "{A0059609-A374-4B83-8923-4DE917F9F005}"
EndProject
Global
	GlobalSection(SolutionConfigurationPlatforms) = preSolution
		Debug|Any CPU = Debug|Any CPU
		Release|Any CPU = Release|Any CPU
	EndGlobalSection
	GlobalSection(ProjectConfigurationPlatforms) = postSolution
		{A0059609-A374-4B83-8923-4DE917F9F005}.Debug|Any CPU.ActiveCfg = Debug|Any CPU
		{A0059609-A374-4B83-8923-4DE917F9F005}.Debug|Any CPU.Build.0 = Debug|Any CPU
		{A0059609-A374-4B83-8923-4DE917F9F005}.Release|Any CPU.ActiveCfg = Release|Any CPU
		{A0059609-A374-4B83-8923-4DE917F9F005}.Release|Any CPU.Build.0 = Release|Any CPU
	EndGlobalSection
EndGlobal
