
Microsoft Visual Studio Solution File, Format Version 12.00
# Visual Studio 15
VisualStudioVersion = 15.0.27703.2018
MinimumVisualStudioVersion = 10.0.40219.1
Project("{FAE04EC0-301F-11D3-BF4B-00C04F79EFBC}") = "SpringCard.LibCs.Windows", "SpringCard.LibCs.Windows\SpringCard.LibCs.Windows.csproj", "{A87C6E07-75ED-45AF-9587-767289896057}"
EndProject
Project("{FAE04EC0-301F-11D3-BF4B-00C04F79EFBC}") = "SpringCard.LibCs.Windows.FTDI", "SpringCard.LibCs.Windows.FTDI\SpringCard.LibCs.Windows.FTDI.csproj", "{7E3F1757-C16F-470D-95D1-8251ABDB400B}"
EndProject
Project("{FAE04EC0-301F-11D3-BF4B-00C04F79EFBC}") = "SpringCard.LibCs.Windows.Forms", "SpringCard.LibCs.Windows.Forms\SpringCard.LibCs.Windows.Forms.csproj", "{1FFC44E3-6F7E-4970-9A22-2E6E744DF81D}"
EndProject
Project("{FAE04EC0-301F-11D3-BF4B-00C04F79EFBC}") = "Test", "Test\Test.csproj", "{C0C3CADF-B54D-4A4C-BB4D-D2031044DC15}"
EndProject
Project("{FAE04EC0-301F-11D3-BF4B-00C04F79EFBC}") = "SpringCard.LibCs.Windows.NativeUsb", "SpringCard.LibCs.Windows.USB\SpringCard.LibCs.Windows.NativeUsb.csproj", "{9ABE8CB9-0488-4296-809A-8DEC644E796B}"
EndProject
Global
	GlobalSection(SolutionConfigurationPlatforms) = preSolution
		Debug|Any CPU = Debug|Any CPU
		Release|Any CPU = Release|Any CPU
	EndGlobalSection
	GlobalSection(ProjectConfigurationPlatforms) = postSolution
		{A87C6E07-75ED-45AF-9587-767289896057}.Debug|Any CPU.ActiveCfg = Debug|Any CPU
		{A87C6E07-75ED-45AF-9587-767289896057}.Debug|Any CPU.Build.0 = Debug|Any CPU
		{A87C6E07-75ED-45AF-9587-767289896057}.Release|Any CPU.ActiveCfg = Release|Any CPU
		{A87C6E07-75ED-45AF-9587-767289896057}.Release|Any CPU.Build.0 = Release|Any CPU
		{7E3F1757-C16F-470D-95D1-8251ABDB400B}.Debug|Any CPU.ActiveCfg = Debug|Any CPU
		{7E3F1757-C16F-470D-95D1-8251ABDB400B}.Debug|Any CPU.Build.0 = Debug|Any CPU
		{7E3F1757-C16F-470D-95D1-8251ABDB400B}.Release|Any CPU.ActiveCfg = Release|Any CPU
		{7E3F1757-C16F-470D-95D1-8251ABDB400B}.Release|Any CPU.Build.0 = Release|Any CPU
		{1FFC44E3-6F7E-4970-9A22-2E6E744DF81D}.Debug|Any CPU.ActiveCfg = Debug|Any CPU
		{1FFC44E3-6F7E-4970-9A22-2E6E744DF81D}.Debug|Any CPU.Build.0 = Debug|Any CPU
		{1FFC44E3-6F7E-4970-9A22-2E6E744DF81D}.Release|Any CPU.ActiveCfg = Release|Any CPU
		{1FFC44E3-6F7E-4970-9A22-2E6E744DF81D}.Release|Any CPU.Build.0 = Release|Any CPU
		{C0C3CADF-B54D-4A4C-BB4D-D2031044DC15}.Debug|Any CPU.ActiveCfg = Debug|Any CPU
		{C0C3CADF-B54D-4A4C-BB4D-D2031044DC15}.Debug|Any CPU.Build.0 = Debug|Any CPU
		{C0C3CADF-B54D-4A4C-BB4D-D2031044DC15}.Release|Any CPU.ActiveCfg = Release|Any CPU
		{C0C3CADF-B54D-4A4C-BB4D-D2031044DC15}.Release|Any CPU.Build.0 = Release|Any CPU
		{9ABE8CB9-0488-4296-809A-8DEC644E796B}.Debug|Any CPU.ActiveCfg = Debug|Any CPU
		{9ABE8CB9-0488-4296-809A-8DEC644E796B}.Debug|Any CPU.Build.0 = Debug|Any CPU
		{9ABE8CB9-0488-4296-809A-8DEC644E796B}.Release|Any CPU.ActiveCfg = Release|Any CPU
		{9ABE8CB9-0488-4296-809A-8DEC644E796B}.Release|Any CPU.Build.0 = Release|Any CPU
	EndGlobalSection
	GlobalSection(SolutionProperties) = preSolution
		HideSolutionNode = FALSE
	EndGlobalSection
	GlobalSection(ExtensibilityGlobals) = postSolution
		SolutionGuid = {CB49856D-DD4E-4476-8085-F1EE01A6768C}
	EndGlobalSection
EndGlobal
