
Microsoft Visual Studio Solution File, Format Version 12.00
# Visual Studio 15
VisualStudioVersion = 15.0.27703.2018
MinimumVisualStudioVersion = 10.0.40219.1
Project("{FAE04EC0-301F-11D3-BF4B-00C04F79EFBC}") = "TestAnalysisAndHelpers", "TestCardAnalysis\TestAnalysisAndHelpers.csproj", "{8C20275A-8E7B-4F9B-A0F1-AF7791C53C38}"
EndProject
Project("{FAE04EC0-301F-11D3-BF4B-00C04F79EFBC}") = "TestDesfire", "TestDesfire\TestDesfire.csproj", "{B4CCCA63-3FBF-4A1A-9D91-CF2854BF6349}"
EndProject
Global
	GlobalSection(SolutionConfigurationPlatforms) = preSolution
		Debug|Any CPU = Debug|Any CPU
		Release|Any CPU = Release|Any CPU
	EndGlobalSection
	GlobalSection(ProjectConfigurationPlatforms) = postSolution
		{8C20275A-8E7B-4F9B-A0F1-AF7791C53C38}.Debug|Any CPU.ActiveCfg = Debug|Any CPU
		{8C20275A-8E7B-4F9B-A0F1-AF7791C53C38}.Debug|Any CPU.Build.0 = Debug|Any CPU
		{8C20275A-8E7B-4F9B-A0F1-AF7791C53C38}.Release|Any CPU.ActiveCfg = Release|Any CPU
		{8C20275A-8E7B-4F9B-A0F1-AF7791C53C38}.Release|Any CPU.Build.0 = Release|Any CPU
		{B4CCCA63-3FBF-4A1A-9D91-CF2854BF6349}.Debug|Any CPU.ActiveCfg = Debug|Any CPU
		{B4CCCA63-3FBF-4A1A-9D91-CF2854BF6349}.Debug|Any CPU.Build.0 = Debug|Any CPU
		{B4CCCA63-3FBF-4A1A-9D91-CF2854BF6349}.Release|Any CPU.ActiveCfg = Release|Any CPU
		{B4CCCA63-3FBF-4A1A-9D91-CF2854BF6349}.Release|Any CPU.Build.0 = Release|Any CPU
	EndGlobalSection
	GlobalSection(SolutionProperties) = preSolution
		HideSolutionNode = FALSE
	EndGlobalSection
	GlobalSection(ExtensibilityGlobals) = postSolution
		SolutionGuid = {4F98F6F8-B4C0-4B84-9F0E-AF15F1BDEADC}
	EndGlobalSection
EndGlobal
