
Microsoft Visual Studio Solution File, Format Version 12.00
# Visual Studio 15
VisualStudioVersion = 15.0.27703.2042
MinimumVisualStudioVersion = 10.0.40219.1
Project("{FAE04EC0-301F-11D3-BF4B-00C04F79EFBC}") = "DesfireTool", "DesfireTool.csproj", "{8EB7FC39-D071-4293-A6DB-F28EC70EC792}"
EndProject
Project("{FAE04EC0-301F-11D3-BF4B-00C04F79EFBC}") = "Sprincard.DesfireTool", "Sprincard.DesfireTool\Sprincard.DesfireTool.csproj", "{934292F0-28FF-4BD8-824D-1E1BC552BBA1}"
EndProject
Global
	GlobalSection(SolutionConfigurationPlatforms) = preSolution
		Debug|Any CPU = Debug|Any CPU
		Release|Any CPU = Release|Any CPU
	EndGlobalSection
	GlobalSection(ProjectConfigurationPlatforms) = postSolution
		{8EB7FC39-D071-4293-A6DB-F28EC70EC792}.Debug|Any CPU.ActiveCfg = Debug|Any CPU
		{8EB7FC39-D071-4293-A6DB-F28EC70EC792}.Debug|Any CPU.Build.0 = Debug|Any CPU
		{8EB7FC39-D071-4293-A6DB-F28EC70EC792}.Release|Any CPU.ActiveCfg = Release|Any CPU
		{8EB7FC39-D071-4293-A6DB-F28EC70EC792}.Release|Any CPU.Build.0 = Release|Any CPU
		{934292F0-28FF-4BD8-824D-1E1BC552BBA1}.Debug|Any CPU.ActiveCfg = Debug|Any CPU
		{934292F0-28FF-4BD8-824D-1E1BC552BBA1}.Debug|Any CPU.Build.0 = Debug|Any CPU
		{934292F0-28FF-4BD8-824D-1E1BC552BBA1}.Release|Any CPU.ActiveCfg = Release|Any CPU
		{934292F0-28FF-4BD8-824D-1E1BC552BBA1}.Release|Any CPU.Build.0 = Release|Any CPU
	EndGlobalSection
	GlobalSection(SolutionProperties) = preSolution
		HideSolutionNode = FALSE
	EndGlobalSection
	GlobalSection(ExtensibilityGlobals) = postSolution
		SolutionGuid = {576F4A0A-3E92-4DAD-8399-9DF86933997E}
	EndGlobalSection
EndGlobal
